
Microsoft Visual Studio Solution File, Format Version 12.00
# Visual Studio Version 17
VisualStudioVersion = 17.7.34024.191
MinimumVisualStudioVersion = 10.0.40219.1
Project("{9A19103F-16F7-4668-BE54-9A1E7A4F7556}") = "RickAndMorty_06.10.23", "RickAndMorty_06.10.23.csproj", "{1599CB2D-3C65-41FC-9100-EB32F813DBA7}"
EndProject
Project("{9A19103F-16F7-4668-BE54-9A1E7A4F7556}") = "RickAndMorty_API_CORE", "..\RickAndMorty_API_CORE\RickAndMorty_API_CORE.csproj", "{40651817-6E6E-4000-895B-F0A35DED70BB}"
EndProject
Global
	GlobalSection(SolutionConfigurationPlatforms) = preSolution
		Debug|Any CPU = Debug|Any CPU
		Release|Any CPU = Release|Any CPU
	EndGlobalSection
	GlobalSection(ProjectConfigurationPlatforms) = postSolution
		{1599CB2D-3C65-41FC-9100-EB32F813DBA7}.Debug|Any CPU.ActiveCfg = Debug|Any CPU
		{1599CB2D-3C65-41FC-9100-EB32F813DBA7}.Debug|Any CPU.Build.0 = Debug|Any CPU
		{1599CB2D-3C65-41FC-9100-EB32F813DBA7}.Release|Any CPU.ActiveCfg = Release|Any CPU
		{1599CB2D-3C65-41FC-9100-EB32F813DBA7}.Release|Any CPU.Build.0 = Release|Any CPU
		{40651817-6E6E-4000-895B-F0A35DED70BB}.Debug|Any CPU.ActiveCfg = Debug|Any CPU
		{40651817-6E6E-4000-895B-F0A35DED70BB}.Debug|Any CPU.Build.0 = Debug|Any CPU
		{40651817-6E6E-4000-895B-F0A35DED70BB}.Release|Any CPU.ActiveCfg = Release|Any CPU
		{40651817-6E6E-4000-895B-F0A35DED70BB}.Release|Any CPU.Build.0 = Release|Any CPU
	EndGlobalSection
	GlobalSection(SolutionProperties) = preSolution
		HideSolutionNode = FALSE
	EndGlobalSection
	GlobalSection(ExtensibilityGlobals) = postSolution
		SolutionGuid = {A89C5A21-68B5-4417-BE9E-64972BB8C1D7}
	EndGlobalSection
EndGlobal
